
Microsoft Visual Studio Solution File, Format Version 12.00
# Visual Studio Version 16
VisualStudioVersion = 16.0.30709.132
MinimumVisualStudioVersion = 10.0.40219.1
Project("{2150E333-8FDC-42A3-9474-1A3956D46DE8}") = "src", "src", "{A6D3B1B1-6D73-495F-B5EE-DF783E770250}"
EndProject
Project("{2150E333-8FDC-42A3-9474-1A3956D46DE8}") = "tests", "tests", "{1C198F5F-DB87-47FB-A99F-ADE624332C4E}"
EndProject
Project("{9A19103F-16F7-4668-BE54-9A1E7A4F7556}") = "EDT.DDD.Sample.API", "EDT.DDD.Sample.API\EDT.DDD.Sample.API.csproj", "{6C2C36C1-18DE-4B68-8DF5-117F97AE0768}"
EndProject
Project("{9A19103F-16F7-4668-BE54-9A1E7A4F7556}") = "EDT.DDD.Sample.UnitTests", "EDT.DDD.Sample.UnitTests\EDT.DDD.Sample.UnitTests.csproj", "{EF644A18-5D9E-4BA2-A069-8F2439277C12}"
EndProject
Project("{2150E333-8FDC-42A3-9474-1A3956D46DE8}") = "resources", "resources", "{1BE65FBB-3DA9-4C07-83EF-7D2E3C184798}"
	ProjectSection(SolutionItems) = preProject
		EDT.DDD.Sample.CodeRules.ruleset = EDT.DDD.Sample.CodeRules.ruleset
		readme.txt = readme.txt
	EndProjectSection
EndProject
Global
	GlobalSection(SolutionConfigurationPlatforms) = preSolution
		Debug|Any CPU = Debug|Any CPU
		Release|Any CPU = Release|Any CPU
	EndGlobalSection
	GlobalSection(ProjectConfigurationPlatforms) = postSolution
		{6C2C36C1-18DE-4B68-8DF5-117F97AE0768}.Debug|Any CPU.ActiveCfg = Debug|Any CPU
		{6C2C36C1-18DE-4B68-8DF5-117F97AE0768}.Debug|Any CPU.Build.0 = Debug|Any CPU
		{6C2C36C1-18DE-4B68-8DF5-117F97AE0768}.Release|Any CPU.ActiveCfg = Release|Any CPU
		{6C2C36C1-18DE-4B68-8DF5-117F97AE0768}.Release|Any CPU.Build.0 = Release|Any CPU
		{EF644A18-5D9E-4BA2-A069-8F2439277C12}.Debug|Any CPU.ActiveCfg = Debug|Any CPU
		{EF644A18-5D9E-4BA2-A069-8F2439277C12}.Debug|Any CPU.Build.0 = Debug|Any CPU
		{EF644A18-5D9E-4BA2-A069-8F2439277C12}.Release|Any CPU.ActiveCfg = Release|Any CPU
		{EF644A18-5D9E-4BA2-A069-8F2439277C12}.Release|Any CPU.Build.0 = Release|Any CPU
	EndGlobalSection
	GlobalSection(SolutionProperties) = preSolution
		HideSolutionNode = FALSE
	EndGlobalSection
	GlobalSection(NestedProjects) = preSolution
		{6C2C36C1-18DE-4B68-8DF5-117F97AE0768} = {A6D3B1B1-6D73-495F-B5EE-DF783E770250}
		{EF644A18-5D9E-4BA2-A069-8F2439277C12} = {1C198F5F-DB87-47FB-A99F-ADE624332C4E}
	EndGlobalSection
	GlobalSection(ExtensibilityGlobals) = postSolution
		SolutionGuid = {F2EA9B70-B828-4D2E-9A2E-BC03BD967FAD}
	EndGlobalSection
EndGlobal
